// !$*UTF8*$!
{
	archiveVersion = 1;
	classes = {
	};
	objectVersion = 46;
	objects = {

/* Begin PBXBuildFile section */
		462AABFE15B3EDD30058E14C /* UIKit.framework in Frameworks */ = {isa = PBXBuildFile; fileRef = 462AABFD15B3EDD30058E14C /* UIKit.framework */; };
		462AAC0015B3EDD30058E14C /* Foundation.framework in Frameworks */ = {isa = PBXBuildFile; fileRef = 462AABFF15B3EDD30058E14C /* Foundation.framework */; };
		462AAC0215B3EDD30058E14C /* CoreGraphics.framework in Frameworks */ = {isa = PBXBuildFile; fileRef = 462AAC0115B3EDD30058E14C /* CoreGraphics.framework */; };
		462AAC0815B3EDD30058E14C /* InfoPlist.strings in Resources */ = {isa = PBXBuildFile; fileRef = 462AAC0615B3EDD30058E14C /* InfoPlist.strings */; };
		462AAC0A15B3EDD30058E14C /* main.m in Sources */ = {isa = PBXBuildFile; fileRef = 462AAC0915B3EDD30058E14C /* main.m */; };
		462AAC0E15B3EDD30058E14C /* MBAppDelegate.m in Sources */ = {isa = PBXBuildFile; fileRef = 462AAC0D15B3EDD30058E14C /* MBAppDelegate.m */; };
		462AAC1115B3EDD30058E14C /* MBViewController.m in Sources */ = {isa = PBXBuildFile; fileRef = 462AAC1015B3EDD30058E14C /* MBViewController.m */; };
		462AAC1415B3EDD30058E14C /* MBViewController_iPhone.xib in Resources */ = {isa = PBXBuildFile; fileRef = 462AAC1215B3EDD30058E14C /* MBViewController_iPhone.xib */; };
		462AAC1715B3EDD30058E14C /* MBViewController_iPad.xib in Resources */ = {isa = PBXBuildFile; fileRef = 462AAC1515B3EDD30058E14C /* MBViewController_iPad.xib */; };
		4646857D15DB6E6F008B3914 /* MBMapView.m in Sources */ = {isa = PBXBuildFile; fileRef = 4646857C15DB6E6F008B3914 /* MBMapView.m */; };
		4646858115DB7222008B3914 /* MBLayerView.m in Sources */ = {isa = PBXBuildFile; fileRef = 4646858015DB7222008B3914 /* MBLayerView.m */; };
		466B65AB15DD8060009CB7BF /* MBMapObjectGroup.m in Sources */ = {isa = PBXBuildFile; fileRef = 466B65AA15DD8060009CB7BF /* MBMapObjectGroup.m */; };
		466B65AF15DD8169009CB7BF /* MBTileView.m in Sources */ = {isa = PBXBuildFile; fileRef = 466B65AE15DD8169009CB7BF /* MBTileView.m */; };
		466B65B215DD817D009CB7BF /* MBMapObject.m in Sources */ = {isa = PBXBuildFile; fileRef = 466B65B115DD817D009CB7BF /* MBMapObject.m */; };
		466B65B815DD84BE009CB7BF /* UIImage+TileData.m in Sources */ = {isa = PBXBuildFile; fileRef = 466B65B715DD84BE009CB7BF /* UIImage+TileData.m */; };
		466F92E815DC051100801802 /* MBTileSet.m in Sources */ = {isa = PBXBuildFile; fileRef = 466F92E715DC051100801802 /* MBTileSet.m */; };
		466F92EF15DC349500801802 /* meta.png in Resources */ = {isa = PBXBuildFile; fileRef = 466F92EC15DC349400801802 /* meta.png */; };
		466F92F015DC349500801802 /* PearTown.tmx in Resources */ = {isa = PBXBuildFile; fileRef = 466F92ED15DC349400801802 /* PearTown.tmx */; };
		466F92F115DC349500801802 /* standard_tileset.png in Resources */ = {isa = PBXBuildFile; fileRef = 466F92EE15DC349500801802 /* standard_tileset.png */; };
		466F92F415DC378C00801802 /* SimpsonCity.tmx in Resources */ = {isa = PBXBuildFile; fileRef = 466F92F215DC378C00801802 /* SimpsonCity.tmx */; };
		466F92F515DC378C00801802 /* tilescitytextured.png in Resources */ = {isa = PBXBuildFile; fileRef = 466F92F315DC378C00801802 /* tilescitytextured.png */; };
		468D924B15C6D77100F461F0 /* checkers.png in Resources */ = {isa = PBXBuildFile; fileRef = 468D924815C6D77100F461F0 /* checkers.png */; };
		468D924C15C6D77100F461F0 /* Checkers.psd in Resources */ = {isa = PBXBuildFile; fileRef = 468D924915C6D77100F461F0 /* Checkers.psd */; };
		468D924D15C6D77100F461F0 /* checkers.tmx in Resources */ = {isa = PBXBuildFile; fileRef = 468D924A15C6D77100F461F0 /* checkers.tmx */; };
		468E4CDA15C690E200A5E803 /* MBTileParser.m in Sources */ = {isa = PBXBuildFile; fileRef = 468E4CD915C690E200A5E803 /* MBTileParser.m */; };
		469D673A15DCA0540031F7D3 /* MBTileMapObject.m in Sources */ = {isa = PBXBuildFile; fileRef = 469D673915DCA0540031F7D3 /* MBTileMapObject.m */; };
		46F2BD2815DEDA9E006820D9 /* dude.plist in Resources */ = {isa = PBXBuildFile; fileRef = 46F2BD0715DEDA9E006820D9 /* dude.plist */; };
		46F2BD2915DEDA9E006820D9 /* dude.png in Resources */ = {isa = PBXBuildFile; fileRef = 46F2BD0815DEDA9E006820D9 /* dude.png */; };
		46F2BD2A15DEDA9E006820D9 /* explorer.plist in Resources */ = {isa = PBXBuildFile; fileRef = 46F2BD0A15DEDA9E006820D9 /* explorer.plist */; };
		46F2BD2B15DEDA9E006820D9 /* explorer.png in Resources */ = {isa = PBXBuildFile; fileRef = 46F2BD0B15DEDA9E006820D9 /* explorer.png */; };
		46F2BD2D15DEDA9E006820D9 /* nikkie.plist in Resources */ = {isa = PBXBuildFile; fileRef = 46F2BD0E15DEDA9E006820D9 /* nikkie.plist */; };
		46F2BD2E15DEDA9E006820D9 /* nikkie.png in Resources */ = {isa = PBXBuildFile; fileRef = 46F2BD0F15DEDA9E006820D9 /* nikkie.png */; };
		46F2BD2F15DEDA9E006820D9 /* tuna_guy-hd.plist in Resources */ = {isa = PBXBuildFile; fileRef = 46F2BD1115DEDA9E006820D9 /* tuna_guy-hd.plist */; };
		46F2BD3015DEDA9E006820D9 /* tuna_guy-hd.png in Resources */ = {isa = PBXBuildFile; fileRef = 46F2BD1215DEDA9E006820D9 /* tuna_guy-hd.png */; };
		46F2BD3115DEDA9E006820D9 /* tuna_guy.plist in Resources */ = {isa = PBXBuildFile; fileRef = 46F2BD1315DEDA9E006820D9 /* tuna_guy.plist */; };
		46F2BD3215DEDA9E006820D9 /* tuna_guy.png in Resources */ = {isa = PBXBuildFile; fileRef = 46F2BD1415DEDA9E006820D9 /* tuna_guy.png */; };
		46F2BD3315DEDA9E006820D9 /* tuna_guy.tps in Resources */ = {isa = PBXBuildFile; fileRef = 46F2BD1515DEDA9E006820D9 /* tuna_guy.tps */; };
		46F2BD6415DEDAFD006820D9 /* zack.plist in Resources */ = {isa = PBXBuildFile; fileRef = 46F2BD5415DEDAFD006820D9 /* zack.plist */; };
		46F2BD6515DEDAFD006820D9 /* zack.png in Resources */ = {isa = PBXBuildFile; fileRef = 46F2BD5515DEDAFD006820D9 /* zack.png */; };
		493DA58B15DD7D3700F435EF /* MBSpriteView.m in Sources */ = {isa = PBXBuildFile; fileRef = 493DA58A15DD7D3700F435EF /* MBSpriteView.m */; };
		493DA59715DDB5FF00F435EF /* MBSpriteParser.m in Sources */ = {isa = PBXBuildFile; fileRef = 493DA59615DDB5FF00F435EF /* MBSpriteParser.m */; };
/* End PBXBuildFile section */

/* Begin PBXFileReference section */
		462AABF915B3EDD30058E14C /* TileParser.app */ = {isa = PBXFileReference; explicitFileType = wrapper.application; includeInIndex = 0; path = TileParser.app; sourceTree = BUILT_PRODUCTS_DIR; };
		462AABFD15B3EDD30058E14C /* UIKit.framework */ = {isa = PBXFileReference; lastKnownFileType = wrapper.framework; name = UIKit.framework; path = System/Library/Frameworks/UIKit.framework; sourceTree = SDKROOT; };
		462AABFF15B3EDD30058E14C /* Foundation.framework */ = {isa = PBXFileReference; lastKnownFileType = wrapper.framework; name = Foundation.framework; path = System/Library/Frameworks/Foundation.framework; sourceTree = SDKROOT; };
		462AAC0115B3EDD30058E14C /* CoreGraphics.framework */ = {isa = PBXFileReference; lastKnownFileType = wrapper.framework; name = CoreGraphics.framework; path = System/Library/Frameworks/CoreGraphics.framework; sourceTree = SDKROOT; };
		462AAC0515B3EDD30058E14C /* TileParser-Info.plist */ = {isa = PBXFileReference; lastKnownFileType = text.plist.xml; path = "TileParser-Info.plist"; sourceTree = "<group>"; };
		462AAC0715B3EDD30058E14C /* en */ = {isa = PBXFileReference; lastKnownFileType = text.plist.strings; name = en; path = en.lproj/InfoPlist.strings; sourceTree = "<group>"; };
		462AAC0915B3EDD30058E14C /* main.m */ = {isa = PBXFileReference; lastKnownFileType = sourcecode.c.objc; path = main.m; sourceTree = "<group>"; };
		462AAC0B15B3EDD30058E14C /* TileParser-Prefix.pch */ = {isa = PBXFileReference; lastKnownFileType = sourcecode.c.h; path = "TileParser-Prefix.pch"; sourceTree = "<group>"; };
		462AAC0C15B3EDD30058E14C /* MBAppDelegate.h */ = {isa = PBXFileReference; lastKnownFileType = sourcecode.c.h; path = MBAppDelegate.h; sourceTree = "<group>"; };
		462AAC0D15B3EDD30058E14C /* MBAppDelegate.m */ = {isa = PBXFileReference; lastKnownFileType = sourcecode.c.objc; path = MBAppDelegate.m; sourceTree = "<group>"; };
		462AAC0F15B3EDD30058E14C /* MBViewController.h */ = {isa = PBXFileReference; lastKnownFileType = sourcecode.c.h; path = MBViewController.h; sourceTree = "<group>"; };
		462AAC1015B3EDD30058E14C /* MBViewController.m */ = {isa = PBXFileReference; lastKnownFileType = sourcecode.c.objc; path = MBViewController.m; sourceTree = "<group>"; };
		462AAC1315B3EDD30058E14C /* en */ = {isa = PBXFileReference; lastKnownFileType = file.xib; name = en; path = en.lproj/MBViewController_iPhone.xib; sourceTree = "<group>"; };
		462AAC1615B3EDD30058E14C /* en */ = {isa = PBXFileReference; lastKnownFileType = file.xib; name = en; path = en.lproj/MBViewController_iPad.xib; sourceTree = "<group>"; };
		4646857B15DB6E6F008B3914 /* MBMapView.h */ = {isa = PBXFileReference; fileEncoding = 4; lastKnownFileType = sourcecode.c.h; name = MBMapView.h; path = MapView/MBMapView.h; sourceTree = "<group>"; };
		4646857C15DB6E6F008B3914 /* MBMapView.m */ = {isa = PBXFileReference; fileEncoding = 4; lastKnownFileType = sourcecode.c.objc; name = MBMapView.m; path = MapView/MBMapView.m; sourceTree = "<group>"; };
		4646857F15DB7222008B3914 /* MBLayerView.h */ = {isa = PBXFileReference; fileEncoding = 4; lastKnownFileType = sourcecode.c.h; name = MBLayerView.h; path = MapView/MBLayerView.h; sourceTree = "<group>"; };
		4646858015DB7222008B3914 /* MBLayerView.m */ = {isa = PBXFileReference; fileEncoding = 4; lastKnownFileType = sourcecode.c.objc; name = MBLayerView.m; path = MapView/MBLayerView.m; sourceTree = "<group>"; };
		466B65A915DD8060009CB7BF /* MBMapObjectGroup.h */ = {isa = PBXFileReference; fileEncoding = 4; lastKnownFileType = sourcecode.c.h; name = MBMapObjectGroup.h; path = MapView/MBMapObjectGroup.h; sourceTree = "<group>"; };
		466B65AA15DD8060009CB7BF /* MBMapObjectGroup.m */ = {isa = PBXFileReference; fileEncoding = 4; lastKnownFileType = sourcecode.c.objc; name = MBMapObjectGroup.m; path = MapView/MBMapObjectGroup.m; sourceTree = "<group>"; };
		466B65AD15DD8169009CB7BF /* MBTileView.h */ = {isa = PBXFileReference; fileEncoding = 4; lastKnownFileType = sourcecode.c.h; name = MBTileView.h; path = MapView/MBTileView.h; sourceTree = "<group>"; };
		466B65AE15DD8169009CB7BF /* MBTileView.m */ = {isa = PBXFileReference; fileEncoding = 4; lastKnownFileType = sourcecode.c.objc; name = MBTileView.m; path = MapView/MBTileView.m; sourceTree = "<group>"; };
		466B65B015DD817D009CB7BF /* MBMapObject.h */ = {isa = PBXFileReference; fileEncoding = 4; lastKnownFileType = sourcecode.c.h; name = MBMapObject.h; path = MapView/MBMapObject.h; sourceTree = "<group>"; };
		466B65B115DD817D009CB7BF /* MBMapObject.m */ = {isa = PBXFileReference; fileEncoding = 4; lastKnownFileType = sourcecode.c.objc; name = MBMapObject.m; path = MapView/MBMapObject.m; sourceTree = "<group>"; };
		466B65B615DD84BE009CB7BF /* UIImage+TileData.h */ = {isa = PBXFileReference; fileEncoding = 4; lastKnownFileType = sourcecode.c.h; name = "UIImage+TileData.h"; path = "MapView/UIImage+TileData.h"; sourceTree = "<group>"; };
		466B65B715DD84BE009CB7BF /* UIImage+TileData.m */ = {isa = PBXFileReference; fileEncoding = 4; lastKnownFileType = sourcecode.c.objc; name = "UIImage+TileData.m"; path = "MapView/UIImage+TileData.m"; sourceTree = "<group>"; };
		466F92E615DC051100801802 /* MBTileSet.h */ = {isa = PBXFileReference; fileEncoding = 4; lastKnownFileType = sourcecode.c.h; name = MBTileSet.h; path = MapView/MBTileSet.h; sourceTree = "<group>"; };
		466F92E715DC051100801802 /* MBTileSet.m */ = {isa = PBXFileReference; fileEncoding = 4; lastKnownFileType = sourcecode.c.objc; name = MBTileSet.m; path = MapView/MBTileSet.m; sourceTree = "<group>"; };
		466F92EC15DC349400801802 /* meta.png */ = {isa = PBXFileReference; lastKnownFileType = image.png; path = meta.png; sourceTree = "<group>"; };
		466F92ED15DC349400801802 /* PearTown.tmx */ = {isa = PBXFileReference; fileEncoding = 4; lastKnownFileType = text.xml; path = PearTown.tmx; sourceTree = "<group>"; };
		466F92EE15DC349500801802 /* standard_tileset.png */ = {isa = PBXFileReference; lastKnownFileType = image.png; path = standard_tileset.png; sourceTree = "<group>"; };
		466F92F215DC378C00801802 /* SimpsonCity.tmx */ = {isa = PBXFileReference; fileEncoding = 4; lastKnownFileType = text.xml; path = SimpsonCity.tmx; sourceTree = "<group>"; };
		466F92F315DC378C00801802 /* tilescitytextured.png */ = {isa = PBXFileReference; lastKnownFileType = image.png; path = tilescitytextured.png; sourceTree = "<group>"; };
		468D924815C6D77100F461F0 /* checkers.png */ = {isa = PBXFileReference; lastKnownFileType = image.png; path = checkers.png; sourceTree = "<group>"; };
		468D924915C6D77100F461F0 /* Checkers.psd */ = {isa = PBXFileReference; lastKnownFileType = file; path = Checkers.psd; sourceTree = "<group>"; };
		468D924A15C6D77100F461F0 /* checkers.tmx */ = {isa = PBXFileReference; fileEncoding = 4; lastKnownFileType = text.xml; path = checkers.tmx; sourceTree = "<group>"; };
		468E4CD815C690E200A5E803 /* MBTileParser.h */ = {isa = PBXFileReference; fileEncoding = 4; lastKnownFileType = sourcecode.c.h; name = MBTileParser.h; path = TileParser/MBTileParser.h; sourceTree = "<group>"; };
		468E4CD915C690E200A5E803 /* MBTileParser.m */ = {isa = PBXFileReference; fileEncoding = 4; lastKnownFileType = sourcecode.c.objc; name = MBTileParser.m; path = TileParser/MBTileParser.m; sourceTree = "<group>"; };
		469D673815DCA0540031F7D3 /* MBTileMapObject.h */ = {isa = PBXFileReference; fileEncoding = 4; lastKnownFileType = sourcecode.c.h; name = MBTileMapObject.h; path = MapView/MBTileMapObject.h; sourceTree = "<group>"; };
		469D673915DCA0540031F7D3 /* MBTileMapObject.m */ = {isa = PBXFileReference; fileEncoding = 4; lastKnownFileType = sourcecode.c.objc; name = MBTileMapObject.m; path = MapView/MBTileMapObject.m; sourceTree = "<group>"; };
		46F2BD0715DEDA9E006820D9 /* dude.plist */ = {isa = PBXFileReference; fileEncoding = 4; lastKnownFileType = text.plist.xml; path = dude.plist; sourceTree = "<group>"; };
		46F2BD0815DEDA9E006820D9 /* dude.png */ = {isa = PBXFileReference; lastKnownFileType = image.png; path = dude.png; sourceTree = "<group>"; };
		46F2BD0A15DEDA9E006820D9 /* explorer.plist */ = {isa = PBXFileReference; fileEncoding = 4; lastKnownFileType = text.plist.xml; path = explorer.plist; sourceTree = "<group>"; };
		46F2BD0B15DEDA9E006820D9 /* explorer.png */ = {isa = PBXFileReference; lastKnownFileType = image.png; path = explorer.png; sourceTree = "<group>"; };
		46F2BD0E15DEDA9E006820D9 /* nikkie.plist */ = {isa = PBXFileReference; fileEncoding = 4; lastKnownFileType = text.plist.xml; path = nikkie.plist; sourceTree = "<group>"; };
		46F2BD0F15DEDA9E006820D9 /* nikkie.png */ = {isa = PBXFileReference; lastKnownFileType = image.png; path = nikkie.png; sourceTree = "<group>"; };
		46F2BD1115DEDA9E006820D9 /* tuna_guy-hd.plist */ = {isa = PBXFileReference; fileEncoding = 4; lastKnownFileType = text.plist.xml; path = "tuna_guy-hd.plist"; sourceTree = "<group>"; };
		46F2BD1215DEDA9E006820D9 /* tuna_guy-hd.png */ = {isa = PBXFileReference; lastKnownFileType = image.png; path = "tuna_guy-hd.png"; sourceTree = "<group>"; };
		46F2BD1315DEDA9E006820D9 /* tuna_guy.plist */ = {isa = PBXFileReference; fileEncoding = 4; lastKnownFileType = text.plist.xml; path = tuna_guy.plist; sourceTree = "<group>"; };
		46F2BD1415DEDA9E006820D9 /* tuna_guy.png */ = {isa = PBXFileReference; lastKnownFileType = image.png; path = tuna_guy.png; sourceTree = "<group>"; };
		46F2BD1515DEDA9E006820D9 /* tuna_guy.tps */ = {isa = PBXFileReference; lastKnownFileType = file; path = tuna_guy.tps; sourceTree = "<group>"; };
		46F2BD5415DEDAFD006820D9 /* zack.plist */ = {isa = PBXFileReference; fileEncoding = 4; lastKnownFileType = text.plist.xml; path = zack.plist; sourceTree = "<group>"; };
		46F2BD5515DEDAFD006820D9 /* zack.png */ = {isa = PBXFileReference; lastKnownFileType = image.png; path = zack.png; sourceTree = "<group>"; };
		493DA58915DD7D3700F435EF /* MBSpriteView.h */ = {isa = PBXFileReference; fileEncoding = 4; lastKnownFileType = sourcecode.c.h; path = MBSpriteView.h; sourceTree = "<group>"; };
		493DA58A15DD7D3700F435EF /* MBSpriteView.m */ = {isa = PBXFileReference; fileEncoding = 4; lastKnownFileType = sourcecode.c.objc; path = MBSpriteView.m; sourceTree = "<group>"; };
		493DA59515DDB5FF00F435EF /* MBSpriteParser.h */ = {isa = PBXFileReference; fileEncoding = 4; lastKnownFileType = sourcecode.c.h; path = MBSpriteParser.h; sourceTree = "<group>"; };
		493DA59615DDB5FF00F435EF /* MBSpriteParser.m */ = {isa = PBXFileReference; fileEncoding = 4; lastKnownFileType = sourcecode.c.objc; path = MBSpriteParser.m; sourceTree = "<group>"; };
/* End PBXFileReference section */

/* Begin PBXFrameworksBuildPhase section */
		462AABF615B3EDD30058E14C /* Frameworks */ = {
			isa = PBXFrameworksBuildPhase;
			buildActionMask = 2147483647;
			files = (
				462AABFE15B3EDD30058E14C /* UIKit.framework in Frameworks */,
				462AAC0015B3EDD30058E14C /* Foundation.framework in Frameworks */,
				462AAC0215B3EDD30058E14C /* CoreGraphics.framework in Frameworks */,
			);
			runOnlyForDeploymentPostprocessing = 0;
		};
/* End PBXFrameworksBuildPhase section */

/* Begin PBXGroup section */
		462AABEE15B3EDD20058E14C = {
			isa = PBXGroup;
			children = (
				462AAC0315B3EDD30058E14C /* TileParser */,
				462AABFC15B3EDD30058E14C /* Frameworks */,
				462AABFA15B3EDD30058E14C /* Products */,
			);
			sourceTree = "<group>";
		};
		462AABFA15B3EDD30058E14C /* Products */ = {
			isa = PBXGroup;
			children = (
				462AABF915B3EDD30058E14C /* TileParser.app */,
			);
			name = Products;
			sourceTree = "<group>";
		};
		462AABFC15B3EDD30058E14C /* Frameworks */ = {
			isa = PBXGroup;
			children = (
				462AABFD15B3EDD30058E14C /* UIKit.framework */,
				462AABFF15B3EDD30058E14C /* Foundation.framework */,
				462AAC0115B3EDD30058E14C /* CoreGraphics.framework */,
			);
			name = Frameworks;
			sourceTree = "<group>";
		};
		462AAC0315B3EDD30058E14C /* TileParser */ = {
			isa = PBXGroup;
			children = (
				462AAC0C15B3EDD30058E14C /* MBAppDelegate.h */,
				462AAC0D15B3EDD30058E14C /* MBAppDelegate.m */,
				462AAC0F15B3EDD30058E14C /* MBViewController.h */,
				462AAC1015B3EDD30058E14C /* MBViewController.m */,
				462AAC1215B3EDD30058E14C /* MBViewController_iPhone.xib */,
				462AAC1515B3EDD30058E14C /* MBViewController_iPad.xib */,
				469D672D15DC84C80031F7D3 /* Tiled Map View */,
				493DA58715DD7CD900F435EF /* Sprite View */,
				468D924715C6D77100F461F0 /* Map Data */,
				46F2BD0515DEDA9D006820D9 /* Sample Sprites */,
				462AAC0415B3EDD30058E14C /* Supporting Files */,
			);
			path = TileParser;
			sourceTree = "<group>";
		};
		462AAC0415B3EDD30058E14C /* Supporting Files */ = {
			isa = PBXGroup;
			children = (
				462AAC0515B3EDD30058E14C /* TileParser-Info.plist */,
				462AAC0615B3EDD30058E14C /* InfoPlist.strings */,
				462AAC0915B3EDD30058E14C /* main.m */,
				462AAC0B15B3EDD30058E14C /* TileParser-Prefix.pch */,
			);
			name = "Supporting Files";
			sourceTree = "<group>";
		};
		4646858215DB7227008B3914 /* MBMapView */ = {
			isa = PBXGroup;
			children = (
				4646857B15DB6E6F008B3914 /* MBMapView.h */,
				4646857C15DB6E6F008B3914 /* MBMapView.m */,
				46E816D915DC505900854143 /* Tile Layer */,
				46E816DB15DC506A00854143 /* Tiles and Objects */,
			);
			name = MBMapView;
			sourceTree = "<group>";
		};
		4646858315DB8002008B3914 /* MBTileParser */ = {
			isa = PBXGroup;
			children = (
				468E4CD815C690E200A5E803 /* MBTileParser.h */,
				468E4CD915C690E200A5E803 /* MBTileParser.m */,
			);
			name = MBTileParser;
			sourceTree = "<group>";
		};
		466B65AC15DD80EE009CB7BF /* Object Layer */ = {
			isa = PBXGroup;
			children = (
				466B65A915DD8060009CB7BF /* MBMapObjectGroup.h */,
				466B65AA15DD8060009CB7BF /* MBMapObjectGroup.m */,
				466B65B015DD817D009CB7BF /* MBMapObject.h */,
				466B65B115DD817D009CB7BF /* MBMapObject.m */,
			);
			name = "Object Layer";
			sourceTree = "<group>";
		};
		468D924715C6D77100F461F0 /* Map Data */ = {
			isa = PBXGroup;
			children = (
				466F92F215DC378C00801802 /* SimpsonCity.tmx */,
				466F92F315DC378C00801802 /* tilescitytextured.png */,
				466F92EC15DC349400801802 /* meta.png */,
				466F92ED15DC349400801802 /* PearTown.tmx */,
				466F92EE15DC349500801802 /* standard_tileset.png */,
				468D924815C6D77100F461F0 /* checkers.png */,
				468D924915C6D77100F461F0 /* Checkers.psd */,
				468D924A15C6D77100F461F0 /* checkers.tmx */,
			);
			name = "Map Data";
			path = Map;
			sourceTree = "<group>";
		};
		469D672D15DC84C80031F7D3 /* Tiled Map View */ = {
			isa = PBXGroup;
			children = (
				4646858315DB8002008B3914 /* MBTileParser */,
				4646858215DB7227008B3914 /* MBMapView */,
			);
			name = "Tiled Map View";
			sourceTree = "<group>";
		};
		46E816D915DC505900854143 /* Tile Layer */ = {
			isa = PBXGroup;
			children = (
				4646857F15DB7222008B3914 /* MBLayerView.h */,
				4646858015DB7222008B3914 /* MBLayerView.m */,
				466B65AD15DD8169009CB7BF /* MBTileView.h */,
				466B65AE15DD8169009CB7BF /* MBTileView.m */,
				466B65B615DD84BE009CB7BF /* UIImage+TileData.h */,
				466B65B715DD84BE009CB7BF /* UIImage+TileData.m */,
				466B65AC15DD80EE009CB7BF /* Object Layer */,
			);
			name = "Tile Layer";
			sourceTree = "<group>";
		};
		46E816DB15DC506A00854143 /* Tiles and Objects */ = {
			isa = PBXGroup;
			children = (
				466F92E615DC051100801802 /* MBTileSet.h */,
				466F92E715DC051100801802 /* MBTileSet.m */,
				469D673815DCA0540031F7D3 /* MBTileMapObject.h */,
				469D673915DCA0540031F7D3 /* MBTileMapObject.m */,
			);
			name = "Tiles and Objects";
			sourceTree = "<group>";
		};
		46F2BD0515DEDA9D006820D9 /* Sample Sprites */ = {
			isa = PBXGroup;
			children = (
				46F2BD4415DEDAFD006820D9 /* Zack */,
				46F2BD0615DEDA9E006820D9 /* Dude */,
				46F2BD0915DEDA9E006820D9 /* Explorer */,
				46F2BD0D15DEDA9E006820D9 /* Nikkie */,
				46F2BD1015DEDA9E006820D9 /* Tuna Guy */,
			);
			name = "Sample Sprites";
			path = "Sprite View/Sprites";
			sourceTree = "<group>";
		};
		46F2BD0615DEDA9E006820D9 /* Dude */ = {
			isa = PBXGroup;
			children = (
				46F2BD0715DEDA9E006820D9 /* dude.plist */,
				46F2BD0815DEDA9E006820D9 /* dude.png */,
			);
			path = Dude;
			sourceTree = "<group>";
		};
		46F2BD0915DEDA9E006820D9 /* Explorer */ = {
			isa = PBXGroup;
			children = (
				46F2BD0A15DEDA9E006820D9 /* explorer.plist */,
				46F2BD0B15DEDA9E006820D9 /* explorer.png */,
			);
			path = Explorer;
			sourceTree = "<group>";
		};
		46F2BD0D15DEDA9E006820D9 /* Nikkie */ = {
			isa = PBXGroup;
			children = (
				46F2BD0E15DEDA9E006820D9 /* nikkie.plist */,
				46F2BD0F15DEDA9E006820D9 /* nikkie.png */,
			);
			path = Nikkie;
			sourceTree = "<group>";
		};
		46F2BD1015DEDA9E006820D9 /* Tuna Guy */ = {
			isa = PBXGroup;
			children = (
				46F2BD1115DEDA9E006820D9 /* tuna_guy-hd.plist */,
				46F2BD1215DEDA9E006820D9 /* tuna_guy-hd.png */,
				46F2BD1315DEDA9E006820D9 /* tuna_guy.plist */,
				46F2BD1415DEDA9E006820D9 /* tuna_guy.png */,
				46F2BD1515DEDA9E006820D9 /* tuna_guy.tps */,
			);
			path = "Tuna Guy";
			sourceTree = "<group>";
		};
		46F2BD4415DEDAFD006820D9 /* Zack */ = {
			isa = PBXGroup;
			children = (
				46F2BD5415DEDAFD006820D9 /* zack.plist */,
				46F2BD5515DEDAFD006820D9 /* zack.png */,
			);
			path = Zack;
			sourceTree = "<group>";
		};
		493DA58715DD7CD900F435EF /* Sprite View */ = {
			isa = PBXGroup;
			children = (
				493DA58915DD7D3700F435EF /* MBSpriteView.h */,
				493DA58A15DD7D3700F435EF /* MBSpriteView.m */,
				493DA59515DDB5FF00F435EF /* MBSpriteParser.h */,
				493DA59615DDB5FF00F435EF /* MBSpriteParser.m */,
			);
			path = "Sprite View";
			sourceTree = "<group>";
		};
/* End PBXGroup section */

/* Begin PBXNativeTarget section */
		462AABF815B3EDD30058E14C /* TileParser */ = {
			isa = PBXNativeTarget;
			buildConfigurationList = 462AAC1A15B3EDD30058E14C /* Build configuration list for PBXNativeTarget "TileParser" */;
			buildPhases = (
				462AABF515B3EDD30058E14C /* Sources */,
				462AABF615B3EDD30058E14C /* Frameworks */,
				462AABF715B3EDD30058E14C /* Resources */,
			);
			buildRules = (
			);
			dependencies = (
			);
			name = TileParser;
			productName = TileParser;
			productReference = 462AABF915B3EDD30058E14C /* TileParser.app */;
			productType = "com.apple.product-type.application";
		};
/* End PBXNativeTarget section */

/* Begin PBXProject section */
		462AABF015B3EDD20058E14C /* Project object */ = {
			isa = PBXProject;
			attributes = {
				CLASSPREFIX = MB;
				LastUpgradeCheck = 0430;
			};
			buildConfigurationList = 462AABF315B3EDD20058E14C /* Build configuration list for PBXProject "TileParser" */;
			compatibilityVersion = "Xcode 3.2";
			developmentRegion = English;
			hasScannedForEncodings = 0;
			knownRegions = (
				en,
			);
			mainGroup = 462AABEE15B3EDD20058E14C;
			productRefGroup = 462AABFA15B3EDD30058E14C /* Products */;
			projectDirPath = "";
			projectRoot = "";
			targets = (
				462AABF815B3EDD30058E14C /* TileParser */,
			);
		};
/* End PBXProject section */

/* Begin PBXResourcesBuildPhase section */
		462AABF715B3EDD30058E14C /* Resources */ = {
			isa = PBXResourcesBuildPhase;
			buildActionMask = 2147483647;
			files = (
				462AAC0815B3EDD30058E14C /* InfoPlist.strings in Resources */,
				462AAC1415B3EDD30058E14C /* MBViewController_iPhone.xib in Resources */,
				462AAC1715B3EDD30058E14C /* MBViewController_iPad.xib in Resources */,
				468D924B15C6D77100F461F0 /* checkers.png in Resources */,
				468D924C15C6D77100F461F0 /* Checkers.psd in Resources */,
				468D924D15C6D77100F461F0 /* checkers.tmx in Resources */,
				466F92EF15DC349500801802 /* meta.png in Resources */,
				466F92F015DC349500801802 /* PearTown.tmx in Resources */,
				466F92F115DC349500801802 /* standard_tileset.png in Resources */,
				466F92F415DC378C00801802 /* SimpsonCity.tmx in Resources */,
				466F92F515DC378C00801802 /* tilescitytextured.png in Resources */,
				46F2BD2815DEDA9E006820D9 /* dude.plist in Resources */,
				46F2BD2915DEDA9E006820D9 /* dude.png in Resources */,
				46F2BD2A15DEDA9E006820D9 /* explorer.plist in Resources */,
				46F2BD2B15DEDA9E006820D9 /* explorer.png in Resources */,
				46F2BD2D15DEDA9E006820D9 /* nikkie.plist in Resources */,
				46F2BD2E15DEDA9E006820D9 /* nikkie.png in Resources */,
				46F2BD2F15DEDA9E006820D9 /* tuna_guy-hd.plist in Resources */,
				46F2BD3015DEDA9E006820D9 /* tuna_guy-hd.png in Resources */,
				46F2BD3115DEDA9E006820D9 /* tuna_guy.plist in Resources */,
				46F2BD3215DEDA9E006820D9 /* tuna_guy.png in Resources */,
				46F2BD3315DEDA9E006820D9 /* tuna_guy.tps in Resources */,
				46F2BD6415DEDAFD006820D9 /* zack.plist in Resources */,
				46F2BD6515DEDAFD006820D9 /* zack.png in Resources */,
			);
			runOnlyForDeploymentPostprocessing = 0;
		};
/* End PBXResourcesBuildPhase section */

/* Begin PBXSourcesBuildPhase section */
		462AABF515B3EDD30058E14C /* Sources */ = {
			isa = PBXSourcesBuildPhase;
			buildActionMask = 2147483647;
			files = (
				462AAC0A15B3EDD30058E14C /* main.m in Sources */,
				462AAC0E15B3EDD30058E14C /* MBAppDelegate.m in Sources */,
				462AAC1115B3EDD30058E14C /* MBViewController.m in Sources */,
				468E4CDA15C690E200A5E803 /* MBTileParser.m in Sources */,
				4646857D15DB6E6F008B3914 /* MBMapView.m in Sources */,
				4646858115DB7222008B3914 /* MBLayerView.m in Sources */,
				466F92E815DC051100801802 /* MBTileSet.m in Sources */,
				469D673A15DCA0540031F7D3 /* MBTileMapObject.m in Sources */,
				493DA58B15DD7D3700F435EF /* MBSpriteView.m in Sources */,
				466B65AB15DD8060009CB7BF /* MBMapObjectGroup.m in Sources */,
				466B65AF15DD8169009CB7BF /* MBTileView.m in Sources */,
				466B65B215DD817D009CB7BF /* MBMapObject.m in Sources */,
				466B65B815DD84BE009CB7BF /* UIImage+TileData.m in Sources */,
				493DA59715DDB5FF00F435EF /* MBSpriteParser.m in Sources */,
			);
			runOnlyForDeploymentPostprocessing = 0;
		};
/* End PBXSourcesBuildPhase section */

/* Begin PBXVariantGroup section */
		462AAC0615B3EDD30058E14C /* InfoPlist.strings */ = {
			isa = PBXVariantGroup;
			children = (
				462AAC0715B3EDD30058E14C /* en */,
			);
			name = InfoPlist.strings;
			sourceTree = "<group>";
		};
		462AAC1215B3EDD30058E14C /* MBViewController_iPhone.xib */ = {
			isa = PBXVariantGroup;
			children = (
				462AAC1315B3EDD30058E14C /* en */,
			);
			name = MBViewController_iPhone.xib;
			sourceTree = "<group>";
		};
		462AAC1515B3EDD30058E14C /* MBViewController_iPad.xib */ = {
			isa = PBXVariantGroup;
			children = (
				462AAC1615B3EDD30058E14C /* en */,
			);
			name = MBViewController_iPad.xib;
			sourceTree = "<group>";
		};
/* End PBXVariantGroup section */

/* Begin XCBuildConfiguration section */
		462AAC1815B3EDD30058E14C /* Debug */ = {
			isa = XCBuildConfiguration;
			buildSettings = {
				ALWAYS_SEARCH_USER_PATHS = NO;
				ARCHS = "$(ARCHS_STANDARD_32_BIT)";
				CLANG_ENABLE_OBJC_ARC = YES;
				"CODE_SIGN_IDENTITY[sdk=iphoneos*]" = "iPhone Developer";
				COPY_PHASE_STRIP = NO;
				GCC_C_LANGUAGE_STANDARD = gnu99;
				GCC_DYNAMIC_NO_PIC = NO;
				GCC_OPTIMIZATION_LEVEL = 0;
				GCC_PREPROCESSOR_DEFINITIONS = (
					"DEBUG=1",
					"$(inherited)",
				);
				GCC_SYMBOLS_PRIVATE_EXTERN = NO;
				GCC_VERSION = com.apple.compilers.llvm.clang.1_0;
				GCC_WARN_ABOUT_RETURN_TYPE = YES;
				GCC_WARN_UNINITIALIZED_AUTOS = YES;
				GCC_WARN_UNUSED_VARIABLE = YES;
				IPHONEOS_DEPLOYMENT_TARGET = 5.1;
				SDKROOT = iphoneos;
				TARGETED_DEVICE_FAMILY = "1,2";
			};
			name = Debug;
		};
		462AAC1915B3EDD30058E14C /* Release */ = {
			isa = XCBuildConfiguration;
			buildSettings = {
				ALWAYS_SEARCH_USER_PATHS = NO;
				ARCHS = "$(ARCHS_STANDARD_32_BIT)";
				CLANG_ENABLE_OBJC_ARC = YES;
				"CODE_SIGN_IDENTITY[sdk=iphoneos*]" = "iPhone Developer";
				COPY_PHASE_STRIP = YES;
				GCC_C_LANGUAGE_STANDARD = gnu99;
				GCC_VERSION = com.apple.compilers.llvm.clang.1_0;
				GCC_WARN_ABOUT_RETURN_TYPE = YES;
				GCC_WARN_UNINITIALIZED_AUTOS = YES;
				GCC_WARN_UNUSED_VARIABLE = YES;
				IPHONEOS_DEPLOYMENT_TARGET = 5.1;
				OTHER_CFLAGS = "-DNS_BLOCK_ASSERTIONS=1";
				SDKROOT = iphoneos;
				TARGETED_DEVICE_FAMILY = "1,2";
				VALIDATE_PRODUCT = YES;
			};
			name = Release;
		};
		462AAC1B15B3EDD30058E14C /* Debug */ = {
			isa = XCBuildConfiguration;
			buildSettings = {
				GCC_PRECOMPILE_PREFIX_HEADER = YES;
				GCC_PREFIX_HEADER = "TileParser/TileParser-Prefix.pch";
				INFOPLIST_FILE = "TileParser/TileParser-Info.plist";
				PRODUCT_NAME = "$(TARGET_NAME)";
				WRAPPER_EXTENSION = app;
			};
			name = Debug;
		};
		462AAC1C15B3EDD30058E14C /* Release */ = {
			isa = XCBuildConfiguration;
			buildSettings = {
				GCC_PRECOMPILE_PREFIX_HEADER = YES;
				GCC_PREFIX_HEADER = "TileParser/TileParser-Prefix.pch";
				INFOPLIST_FILE = "TileParser/TileParser-Info.plist";
				PRODUCT_NAME = "$(TARGET_NAME)";
				WRAPPER_EXTENSION = app;
			};
			name = Release;
		};
/* End XCBuildConfiguration section */

/* Begin XCConfigurationList section */
		462AABF315B3EDD20058E14C /* Build configuration list for PBXProject "TileParser" */ = {
			isa = XCConfigurationList;
			buildConfigurations = (
				462AAC1815B3EDD30058E14C /* Debug */,
				462AAC1915B3EDD30058E14C /* Release */,
			);
			defaultConfigurationIsVisible = 0;
			defaultConfigurationName = Release;
		};
		462AAC1A15B3EDD30058E14C /* Build configuration list for PBXNativeTarget "TileParser" */ = {
			isa = XCConfigurationList;
			buildConfigurations = (
				462AAC1B15B3EDD30058E14C /* Debug */,
				462AAC1C15B3EDD30058E14C /* Release */,
			);
			defaultConfigurationIsVisible = 0;
			defaultConfigurationName = Release;
		};
/* End XCConfigurationList section */
	};
	rootObject = 462AABF015B3EDD20058E14C /* Project object */;
}
