// !$*UTF8*$!
{
	archiveVersion = 1;
	classes = {
	};
	objectVersion = 46;
	objects = {

/* Begin PBXBuildFile section */
		462AABFE15B3EDD30058E14C /* UIKit.framework in Frameworks */ = {isa = PBXBuildFile; fileRef = 462AABFD15B3EDD30058E14C /* UIKit.framework */; };
		462AAC0015B3EDD30058E14C /* Foundation.framework in Frameworks */ = {isa = PBXBuildFile; fileRef = 462AABFF15B3EDD30058E14C /* Foundation.framework */; };
		462AAC0215B3EDD30058E14C /* CoreGraphics.framework in Frameworks */ = {isa = PBXBuildFile; fileRef = 462AAC0115B3EDD30058E14C /* CoreGraphics.framework */; };
		462AAC0815B3EDD30058E14C /* InfoPlist.strings in Resources */ = {isa = PBXBuildFile; fileRef = 462AAC0615B3EDD30058E14C /* InfoPlist.strings */; };
		462AAC0A15B3EDD30058E14C /* main.m in Sources */ = {isa = PBXBuildFile; fileRef = 462AAC0915B3EDD30058E14C /* main.m */; };
		462AAC0E15B3EDD30058E14C /* MBAppDelegate.m in Sources */ = {isa = PBXBuildFile; fileRef = 462AAC0D15B3EDD30058E14C /* MBAppDelegate.m */; };
		462AAC1115B3EDD30058E14C /* MBViewController.m in Sources */ = {isa = PBXBuildFile; fileRef = 462AAC1015B3EDD30058E14C /* MBViewController.m */; };
		462AAC1415B3EDD30058E14C /* MBViewController_iPhone.xib in Resources */ = {isa = PBXBuildFile; fileRef = 462AAC1215B3EDD30058E14C /* MBViewController_iPhone.xib */; };
		462AAC1715B3EDD30058E14C /* MBViewController_iPad.xib in Resources */ = {isa = PBXBuildFile; fileRef = 462AAC1515B3EDD30058E14C /* MBViewController_iPad.xib */; };
		4646857D15DB6E6F008B3914 /* MBMapView.m in Sources */ = {isa = PBXBuildFile; fileRef = 4646857C15DB6E6F008B3914 /* MBMapView.m */; };
		4646858115DB7222008B3914 /* MBLayerView.m in Sources */ = {isa = PBXBuildFile; fileRef = 4646858015DB7222008B3914 /* MBLayerView.m */; };
		468D924B15C6D77100F461F0 /* checkers.png in Resources */ = {isa = PBXBuildFile; fileRef = 468D924815C6D77100F461F0 /* checkers.png */; };
		468D924C15C6D77100F461F0 /* Checkers.psd in Resources */ = {isa = PBXBuildFile; fileRef = 468D924915C6D77100F461F0 /* Checkers.psd */; };
		468D924D15C6D77100F461F0 /* checkers.tmx in Resources */ = {isa = PBXBuildFile; fileRef = 468D924A15C6D77100F461F0 /* checkers.tmx */; };
		468E4CDA15C690E200A5E803 /* MBTileParser.m in Sources */ = {isa = PBXBuildFile; fileRef = 468E4CD915C690E200A5E803 /* MBTileParser.m */; };
		493DA56115DC076400F435EF /* MBWorld.m in Sources */ = {isa = PBXBuildFile; fileRef = 493DA56015DC076400F435EF /* MBWorld.m */; };
		493DA56415DC078700F435EF /* MBMap.m in Sources */ = {isa = PBXBuildFile; fileRef = 493DA56315DC078700F435EF /* MBMap.m */; };
		493DA56815DC088A00F435EF /* MBEntity.m in Sources */ = {isa = PBXBuildFile; fileRef = 493DA56715DC088A00F435EF /* MBEntity.m */; };
		493DA56B15DC089D00F435EF /* MBPlayer.m in Sources */ = {isa = PBXBuildFile; fileRef = 493DA56A15DC089D00F435EF /* MBPlayer.m */; };
		493DA56E15DC08A900F435EF /* MBNPC.m in Sources */ = {isa = PBXBuildFile; fileRef = 493DA56D15DC08A900F435EF /* MBNPC.m */; };
		493DA57115DC08B100F435EF /* MBMonster.m in Sources */ = {isa = PBXBuildFile; fileRef = 493DA57015DC08B100F435EF /* MBMonster.m */; };
		493DA57615DC094E00F435EF /* MBInventory.m in Sources */ = {isa = PBXBuildFile; fileRef = 493DA57515DC094E00F435EF /* MBInventory.m */; };
		493DA57915DC095500F435EF /* MBItem.m in Sources */ = {isa = PBXBuildFile; fileRef = 493DA57815DC095500F435EF /* MBItem.m */; };
		493DA57C15DC0EA400F435EF /* MBCharacter.m in Sources */ = {isa = PBXBuildFile; fileRef = 493DA57B15DC0EA400F435EF /* MBCharacter.m */; };
/* End PBXBuildFile section */

/* Begin PBXFileReference section */
		462AABF915B3EDD30058E14C /* TileParser.app */ = {isa = PBXFileReference; explicitFileType = wrapper.application; includeInIndex = 0; path = TileParser.app; sourceTree = BUILT_PRODUCTS_DIR; };
		462AABFD15B3EDD30058E14C /* UIKit.framework */ = {isa = PBXFileReference; lastKnownFileType = wrapper.framework; name = UIKit.framework; path = System/Library/Frameworks/UIKit.framework; sourceTree = SDKROOT; };
		462AABFF15B3EDD30058E14C /* Foundation.framework */ = {isa = PBXFileReference; lastKnownFileType = wrapper.framework; name = Foundation.framework; path = System/Library/Frameworks/Foundation.framework; sourceTree = SDKROOT; };
		462AAC0115B3EDD30058E14C /* CoreGraphics.framework */ = {isa = PBXFileReference; lastKnownFileType = wrapper.framework; name = CoreGraphics.framework; path = System/Library/Frameworks/CoreGraphics.framework; sourceTree = SDKROOT; };
		462AAC0515B3EDD30058E14C /* TileParser-Info.plist */ = {isa = PBXFileReference; lastKnownFileType = text.plist.xml; path = "TileParser-Info.plist"; sourceTree = "<group>"; };
		462AAC0715B3EDD30058E14C /* en */ = {isa = PBXFileReference; lastKnownFileType = text.plist.strings; name = en; path = en.lproj/InfoPlist.strings; sourceTree = "<group>"; };
		462AAC0915B3EDD30058E14C /* main.m */ = {isa = PBXFileReference; lastKnownFileType = sourcecode.c.objc; path = main.m; sourceTree = "<group>"; };
		462AAC0B15B3EDD30058E14C /* TileParser-Prefix.pch */ = {isa = PBXFileReference; lastKnownFileType = sourcecode.c.h; path = "TileParser-Prefix.pch"; sourceTree = "<group>"; };
		462AAC0C15B3EDD30058E14C /* MBAppDelegate.h */ = {isa = PBXFileReference; lastKnownFileType = sourcecode.c.h; path = MBAppDelegate.h; sourceTree = "<group>"; };
		462AAC0D15B3EDD30058E14C /* MBAppDelegate.m */ = {isa = PBXFileReference; lastKnownFileType = sourcecode.c.objc; path = MBAppDelegate.m; sourceTree = "<group>"; };
		462AAC0F15B3EDD30058E14C /* MBViewController.h */ = {isa = PBXFileReference; lastKnownFileType = sourcecode.c.h; path = MBViewController.h; sourceTree = "<group>"; };
		462AAC1015B3EDD30058E14C /* MBViewController.m */ = {isa = PBXFileReference; lastKnownFileType = sourcecode.c.objc; path = MBViewController.m; sourceTree = "<group>"; };
		462AAC1315B3EDD30058E14C /* en */ = {isa = PBXFileReference; lastKnownFileType = file.xib; name = en; path = en.lproj/MBViewController_iPhone.xib; sourceTree = "<group>"; };
		462AAC1615B3EDD30058E14C /* en */ = {isa = PBXFileReference; lastKnownFileType = file.xib; name = en; path = en.lproj/MBViewController_iPad.xib; sourceTree = "<group>"; };
		4646857B15DB6E6F008B3914 /* MBMapView.h */ = {isa = PBXFileReference; fileEncoding = 4; lastKnownFileType = sourcecode.c.h; name = MBMapView.h; path = MapView/MBMapView.h; sourceTree = "<group>"; };
		4646857C15DB6E6F008B3914 /* MBMapView.m */ = {isa = PBXFileReference; fileEncoding = 4; lastKnownFileType = sourcecode.c.objc; name = MBMapView.m; path = MapView/MBMapView.m; sourceTree = "<group>"; };
		4646857F15DB7222008B3914 /* MBLayerView.h */ = {isa = PBXFileReference; fileEncoding = 4; lastKnownFileType = sourcecode.c.h; name = MBLayerView.h; path = MapView/MBLayerView.h; sourceTree = "<group>"; };
		4646858015DB7222008B3914 /* MBLayerView.m */ = {isa = PBXFileReference; fileEncoding = 4; lastKnownFileType = sourcecode.c.objc; name = MBLayerView.m; path = MapView/MBLayerView.m; sourceTree = "<group>"; };
		468D924815C6D77100F461F0 /* checkers.png */ = {isa = PBXFileReference; lastKnownFileType = image.png; path = checkers.png; sourceTree = "<group>"; };
		468D924915C6D77100F461F0 /* Checkers.psd */ = {isa = PBXFileReference; lastKnownFileType = file; path = Checkers.psd; sourceTree = "<group>"; };
		468D924A15C6D77100F461F0 /* checkers.tmx */ = {isa = PBXFileReference; fileEncoding = 4; lastKnownFileType = text.xml; path = checkers.tmx; sourceTree = "<group>"; };
		468E4CD815C690E200A5E803 /* MBTileParser.h */ = {isa = PBXFileReference; fileEncoding = 4; lastKnownFileType = sourcecode.c.h; name = MBTileParser.h; path = TileParser/MBTileParser.h; sourceTree = "<group>"; };
		468E4CD915C690E200A5E803 /* MBTileParser.m */ = {isa = PBXFileReference; fileEncoding = 4; lastKnownFileType = sourcecode.c.objc; name = MBTileParser.m; path = TileParser/MBTileParser.m; sourceTree = "<group>"; };
		493DA55F15DC076400F435EF /* MBWorld.h */ = {isa = PBXFileReference; fileEncoding = 4; lastKnownFileType = sourcecode.c.h; path = MBWorld.h; sourceTree = "<group>"; };
		493DA56015DC076400F435EF /* MBWorld.m */ = {isa = PBXFileReference; fileEncoding = 4; lastKnownFileType = sourcecode.c.objc; path = MBWorld.m; sourceTree = "<group>"; };
		493DA56215DC078700F435EF /* MBMap.h */ = {isa = PBXFileReference; fileEncoding = 4; lastKnownFileType = sourcecode.c.h; path = MBMap.h; sourceTree = "<group>"; };
		493DA56315DC078700F435EF /* MBMap.m */ = {isa = PBXFileReference; fileEncoding = 4; lastKnownFileType = sourcecode.c.objc; path = MBMap.m; sourceTree = "<group>"; };
		493DA56615DC088A00F435EF /* MBEntity.h */ = {isa = PBXFileReference; fileEncoding = 4; lastKnownFileType = sourcecode.c.h; path = MBEntity.h; sourceTree = "<group>"; };
		493DA56715DC088A00F435EF /* MBEntity.m */ = {isa = PBXFileReference; fileEncoding = 4; lastKnownFileType = sourcecode.c.objc; path = MBEntity.m; sourceTree = "<group>"; };
		493DA56915DC089D00F435EF /* MBPlayer.h */ = {isa = PBXFileReference; fileEncoding = 4; lastKnownFileType = sourcecode.c.h; path = MBPlayer.h; sourceTree = "<group>"; };
		493DA56A15DC089D00F435EF /* MBPlayer.m */ = {isa = PBXFileReference; fileEncoding = 4; lastKnownFileType = sourcecode.c.objc; path = MBPlayer.m; sourceTree = "<group>"; };
		493DA56C15DC08A900F435EF /* MBNPC.h */ = {isa = PBXFileReference; fileEncoding = 4; lastKnownFileType = sourcecode.c.h; path = MBNPC.h; sourceTree = "<group>"; };
		493DA56D15DC08A900F435EF /* MBNPC.m */ = {isa = PBXFileReference; fileEncoding = 4; lastKnownFileType = sourcecode.c.objc; path = MBNPC.m; sourceTree = "<group>"; };
		493DA56F15DC08B100F435EF /* MBMonster.h */ = {isa = PBXFileReference; fileEncoding = 4; lastKnownFileType = sourcecode.c.h; path = MBMonster.h; sourceTree = "<group>"; };
		493DA57015DC08B100F435EF /* MBMonster.m */ = {isa = PBXFileReference; fileEncoding = 4; lastKnownFileType = sourcecode.c.objc; path = MBMonster.m; sourceTree = "<group>"; };
		493DA57415DC094E00F435EF /* MBInventory.h */ = {isa = PBXFileReference; fileEncoding = 4; lastKnownFileType = sourcecode.c.h; path = MBInventory.h; sourceTree = "<group>"; };
		493DA57515DC094E00F435EF /* MBInventory.m */ = {isa = PBXFileReference; fileEncoding = 4; lastKnownFileType = sourcecode.c.objc; path = MBInventory.m; sourceTree = "<group>"; };
		493DA57715DC095500F435EF /* MBItem.h */ = {isa = PBXFileReference; fileEncoding = 4; lastKnownFileType = sourcecode.c.h; path = MBItem.h; sourceTree = "<group>"; };
		493DA57815DC095500F435EF /* MBItem.m */ = {isa = PBXFileReference; fileEncoding = 4; lastKnownFileType = sourcecode.c.objc; path = MBItem.m; sourceTree = "<group>"; };
		493DA57A15DC0EA400F435EF /* MBCharacter.h */ = {isa = PBXFileReference; fileEncoding = 4; lastKnownFileType = sourcecode.c.h; path = MBCharacter.h; sourceTree = "<group>"; };
		493DA57B15DC0EA400F435EF /* MBCharacter.m */ = {isa = PBXFileReference; fileEncoding = 4; lastKnownFileType = sourcecode.c.objc; path = MBCharacter.m; sourceTree = "<group>"; };
/* End PBXFileReference section */

/* Begin PBXFrameworksBuildPhase section */
		462AABF615B3EDD30058E14C /* Frameworks */ = {
			isa = PBXFrameworksBuildPhase;
			buildActionMask = 2147483647;
			files = (
				462AABFE15B3EDD30058E14C /* UIKit.framework in Frameworks */,
				462AAC0015B3EDD30058E14C /* Foundation.framework in Frameworks */,
				462AAC0215B3EDD30058E14C /* CoreGraphics.framework in Frameworks */,
			);
			runOnlyForDeploymentPostprocessing = 0;
		};
/* End PBXFrameworksBuildPhase section */

/* Begin PBXGroup section */
		462AABEE15B3EDD20058E14C = {
			isa = PBXGroup;
			children = (
				462AAC0315B3EDD30058E14C /* TileParser */,
				462AABFC15B3EDD30058E14C /* Frameworks */,
				462AABFA15B3EDD30058E14C /* Products */,
			);
			sourceTree = "<group>";
		};
		462AABFA15B3EDD30058E14C /* Products */ = {
			isa = PBXGroup;
			children = (
				462AABF915B3EDD30058E14C /* TileParser.app */,
			);
			name = Products;
			sourceTree = "<group>";
		};
		462AABFC15B3EDD30058E14C /* Frameworks */ = {
			isa = PBXGroup;
			children = (
				462AABFD15B3EDD30058E14C /* UIKit.framework */,
				462AABFF15B3EDD30058E14C /* Foundation.framework */,
				462AAC0115B3EDD30058E14C /* CoreGraphics.framework */,
			);
			name = Frameworks;
			sourceTree = "<group>";
		};
		462AAC0315B3EDD30058E14C /* TileParser */ = {
			isa = PBXGroup;
			children = (
				493DA56515DC087900F435EF /* Entity */,
				493DA55D15DC073100F435EF /* World */,
				462AAC0C15B3EDD30058E14C /* MBAppDelegate.h */,
				462AAC0D15B3EDD30058E14C /* MBAppDelegate.m */,
				462AAC0F15B3EDD30058E14C /* MBViewController.h */,
				462AAC1015B3EDD30058E14C /* MBViewController.m */,
				4646858315DB8002008B3914 /* MBTileParser */,
				4646858215DB7227008B3914 /* MBMapView */,
				468D924715C6D77100F461F0 /* Map Data */,
				462AAC1215B3EDD30058E14C /* MBViewController_iPhone.xib */,
				462AAC1515B3EDD30058E14C /* MBViewController_iPad.xib */,
				462AAC0415B3EDD30058E14C /* Supporting Files */,
			);
			path = TileParser;
			sourceTree = "<group>";
		};
		462AAC0415B3EDD30058E14C /* Supporting Files */ = {
			isa = PBXGroup;
			children = (
				462AAC0515B3EDD30058E14C /* TileParser-Info.plist */,
				462AAC0615B3EDD30058E14C /* InfoPlist.strings */,
				462AAC0915B3EDD30058E14C /* main.m */,
				462AAC0B15B3EDD30058E14C /* TileParser-Prefix.pch */,
			);
			name = "Supporting Files";
			sourceTree = "<group>";
		};
		4646858215DB7227008B3914 /* MBMapView */ = {
			isa = PBXGroup;
			children = (
				4646857B15DB6E6F008B3914 /* MBMapView.h */,
				4646857C15DB6E6F008B3914 /* MBMapView.m */,
				4646857F15DB7222008B3914 /* MBLayerView.h */,
				4646858015DB7222008B3914 /* MBLayerView.m */,
			);
			name = MBMapView;
			sourceTree = "<group>";
		};
		4646858315DB8002008B3914 /* MBTileParser */ = {
			isa = PBXGroup;
			children = (
				468E4CD815C690E200A5E803 /* MBTileParser.h */,
				468E4CD915C690E200A5E803 /* MBTileParser.m */,
			);
			name = MBTileParser;
			sourceTree = "<group>";
		};
		468D924715C6D77100F461F0 /* Map Data */ = {
			isa = PBXGroup;
			children = (
				468D924815C6D77100F461F0 /* checkers.png */,
				468D924915C6D77100F461F0 /* Checkers.psd */,
				468D924A15C6D77100F461F0 /* checkers.tmx */,
			);
			name = "Map Data";
			path = Map;
			sourceTree = "<group>";
		};
		493DA55D15DC073100F435EF /* World */ = {
			isa = PBXGroup;
			children = (
				493DA55F15DC076400F435EF /* MBWorld.h */,
				493DA56015DC076400F435EF /* MBWorld.m */,
				493DA56215DC078700F435EF /* MBMap.h */,
				493DA56315DC078700F435EF /* MBMap.m */,
			);
			path = World;
			sourceTree = "<group>";
		};
		493DA56515DC087900F435EF /* Entity */ = {
			isa = PBXGroup;
			children = (
				493DA57315DC094300F435EF /* Inventory */,
				493DA56615DC088A00F435EF /* MBEntity.h */,
				493DA56715DC088A00F435EF /* MBEntity.m */,
				493DA57A15DC0EA400F435EF /* MBCharacter.h */,
				493DA57B15DC0EA400F435EF /* MBCharacter.m */,
				493DA56915DC089D00F435EF /* MBPlayer.h */,
				493DA56A15DC089D00F435EF /* MBPlayer.m */,
				493DA56C15DC08A900F435EF /* MBNPC.h */,
				493DA56D15DC08A900F435EF /* MBNPC.m */,
				493DA56F15DC08B100F435EF /* MBMonster.h */,
				493DA57015DC08B100F435EF /* MBMonster.m */,
			);
			path = Entity;
			sourceTree = "<group>";
		};
		493DA57315DC094300F435EF /* Inventory */ = {
			isa = PBXGroup;
			children = (
				493DA57415DC094E00F435EF /* MBInventory.h */,
				493DA57515DC094E00F435EF /* MBInventory.m */,
				493DA57715DC095500F435EF /* MBItem.h */,
				493DA57815DC095500F435EF /* MBItem.m */,
			);
			path = Inventory;
			sourceTree = "<group>";
		};
/* End PBXGroup section */

/* Begin PBXNativeTarget section */
		462AABF815B3EDD30058E14C /* TileParser */ = {
			isa = PBXNativeTarget;
			buildConfigurationList = 462AAC1A15B3EDD30058E14C /* Build configuration list for PBXNativeTarget "TileParser" */;
			buildPhases = (
				462AABF515B3EDD30058E14C /* Sources */,
				462AABF615B3EDD30058E14C /* Frameworks */,
				462AABF715B3EDD30058E14C /* Resources */,
			);
			buildRules = (
			);
			dependencies = (
			);
			name = TileParser;
			productName = TileParser;
			productReference = 462AABF915B3EDD30058E14C /* TileParser.app */;
			productType = "com.apple.product-type.application";
		};
/* End PBXNativeTarget section */

/* Begin PBXProject section */
		462AABF015B3EDD20058E14C /* Project object */ = {
			isa = PBXProject;
			attributes = {
				CLASSPREFIX = MB;
				LastUpgradeCheck = 0430;
			};
			buildConfigurationList = 462AABF315B3EDD20058E14C /* Build configuration list for PBXProject "TileParser" */;
			compatibilityVersion = "Xcode 3.2";
			developmentRegion = English;
			hasScannedForEncodings = 0;
			knownRegions = (
				en,
			);
			mainGroup = 462AABEE15B3EDD20058E14C;
			productRefGroup = 462AABFA15B3EDD30058E14C /* Products */;
			projectDirPath = "";
			projectRoot = "";
			targets = (
				462AABF815B3EDD30058E14C /* TileParser */,
			);
		};
/* End PBXProject section */

/* Begin PBXResourcesBuildPhase section */
		462AABF715B3EDD30058E14C /* Resources */ = {
			isa = PBXResourcesBuildPhase;
			buildActionMask = 2147483647;
			files = (
				462AAC0815B3EDD30058E14C /* InfoPlist.strings in Resources */,
				462AAC1415B3EDD30058E14C /* MBViewController_iPhone.xib in Resources */,
				462AAC1715B3EDD30058E14C /* MBViewController_iPad.xib in Resources */,
				468D924B15C6D77100F461F0 /* checkers.png in Resources */,
				468D924C15C6D77100F461F0 /* Checkers.psd in Resources */,
				468D924D15C6D77100F461F0 /* checkers.tmx in Resources */,
			);
			runOnlyForDeploymentPostprocessing = 0;
		};
/* End PBXResourcesBuildPhase section */

/* Begin PBXSourcesBuildPhase section */
		462AABF515B3EDD30058E14C /* Sources */ = {
			isa = PBXSourcesBuildPhase;
			buildActionMask = 2147483647;
			files = (
				462AAC0A15B3EDD30058E14C /* main.m in Sources */,
				462AAC0E15B3EDD30058E14C /* MBAppDelegate.m in Sources */,
				462AAC1115B3EDD30058E14C /* MBViewController.m in Sources */,
				468E4CDA15C690E200A5E803 /* MBTileParser.m in Sources */,
				4646857D15DB6E6F008B3914 /* MBMapView.m in Sources */,
				4646858115DB7222008B3914 /* MBLayerView.m in Sources */,
				493DA56115DC076400F435EF /* MBWorld.m in Sources */,
				493DA56415DC078700F435EF /* MBMap.m in Sources */,
				493DA56815DC088A00F435EF /* MBEntity.m in Sources */,
				493DA56B15DC089D00F435EF /* MBPlayer.m in Sources */,
				493DA56E15DC08A900F435EF /* MBNPC.m in Sources */,
				493DA57115DC08B100F435EF /* MBMonster.m in Sources */,
				493DA57615DC094E00F435EF /* MBInventory.m in Sources */,
				493DA57915DC095500F435EF /* MBItem.m in Sources */,
				493DA57C15DC0EA400F435EF /* MBCharacter.m in Sources */,
			);
			runOnlyForDeploymentPostprocessing = 0;
		};
/* End PBXSourcesBuildPhase section */

/* Begin PBXVariantGroup section */
		462AAC0615B3EDD30058E14C /* InfoPlist.strings */ = {
			isa = PBXVariantGroup;
			children = (
				462AAC0715B3EDD30058E14C /* en */,
			);
			name = InfoPlist.strings;
			sourceTree = "<group>";
		};
		462AAC1215B3EDD30058E14C /* MBViewController_iPhone.xib */ = {
			isa = PBXVariantGroup;
			children = (
				462AAC1315B3EDD30058E14C /* en */,
			);
			name = MBViewController_iPhone.xib;
			sourceTree = "<group>";
		};
		462AAC1515B3EDD30058E14C /* MBViewController_iPad.xib */ = {
			isa = PBXVariantGroup;
			children = (
				462AAC1615B3EDD30058E14C /* en */,
			);
			name = MBViewController_iPad.xib;
			sourceTree = "<group>";
		};
/* End PBXVariantGroup section */

/* Begin XCBuildConfiguration section */
		462AAC1815B3EDD30058E14C /* Debug */ = {
			isa = XCBuildConfiguration;
			buildSettings = {
				ALWAYS_SEARCH_USER_PATHS = NO;
				ARCHS = "$(ARCHS_STANDARD_32_BIT)";
				CLANG_ENABLE_OBJC_ARC = YES;
				"CODE_SIGN_IDENTITY[sdk=iphoneos*]" = "iPhone Developer";
				COPY_PHASE_STRIP = NO;
				GCC_C_LANGUAGE_STANDARD = gnu99;
				GCC_DYNAMIC_NO_PIC = NO;
				GCC_OPTIMIZATION_LEVEL = 0;
				GCC_PREPROCESSOR_DEFINITIONS = (
					"DEBUG=1",
					"$(inherited)",
				);
				GCC_SYMBOLS_PRIVATE_EXTERN = NO;
				GCC_VERSION = com.apple.compilers.llvm.clang.1_0;
				GCC_WARN_ABOUT_RETURN_TYPE = YES;
				GCC_WARN_UNINITIALIZED_AUTOS = YES;
				GCC_WARN_UNUSED_VARIABLE = YES;
				IPHONEOS_DEPLOYMENT_TARGET = 5.1;
				SDKROOT = iphoneos;
				TARGETED_DEVICE_FAMILY = "1,2";
			};
			name = Debug;
		};
		462AAC1915B3EDD30058E14C /* Release */ = {
			isa = XCBuildConfiguration;
			buildSettings = {
				ALWAYS_SEARCH_USER_PATHS = NO;
				ARCHS = "$(ARCHS_STANDARD_32_BIT)";
				CLANG_ENABLE_OBJC_ARC = YES;
				"CODE_SIGN_IDENTITY[sdk=iphoneos*]" = "iPhone Developer";
				COPY_PHASE_STRIP = YES;
				GCC_C_LANGUAGE_STANDARD = gnu99;
				GCC_VERSION = com.apple.compilers.llvm.clang.1_0;
				GCC_WARN_ABOUT_RETURN_TYPE = YES;
				GCC_WARN_UNINITIALIZED_AUTOS = YES;
				GCC_WARN_UNUSED_VARIABLE = YES;
				IPHONEOS_DEPLOYMENT_TARGET = 5.1;
				OTHER_CFLAGS = "-DNS_BLOCK_ASSERTIONS=1";
				SDKROOT = iphoneos;
				TARGETED_DEVICE_FAMILY = "1,2";
				VALIDATE_PRODUCT = YES;
			};
			name = Release;
		};
		462AAC1B15B3EDD30058E14C /* Debug */ = {
			isa = XCBuildConfiguration;
			buildSettings = {
				GCC_PRECOMPILE_PREFIX_HEADER = YES;
				GCC_PREFIX_HEADER = "TileParser/TileParser-Prefix.pch";
				INFOPLIST_FILE = "TileParser/TileParser-Info.plist";
				PRODUCT_NAME = "$(TARGET_NAME)";
				WRAPPER_EXTENSION = app;
			};
			name = Debug;
		};
		462AAC1C15B3EDD30058E14C /* Release */ = {
			isa = XCBuildConfiguration;
			buildSettings = {
				GCC_PRECOMPILE_PREFIX_HEADER = YES;
				GCC_PREFIX_HEADER = "TileParser/TileParser-Prefix.pch";
				INFOPLIST_FILE = "TileParser/TileParser-Info.plist";
				PRODUCT_NAME = "$(TARGET_NAME)";
				WRAPPER_EXTENSION = app;
			};
			name = Release;
		};
/* End XCBuildConfiguration section */

/* Begin XCConfigurationList section */
		462AABF315B3EDD20058E14C /* Build configuration list for PBXProject "TileParser" */ = {
			isa = XCConfigurationList;
			buildConfigurations = (
				462AAC1815B3EDD30058E14C /* Debug */,
				462AAC1915B3EDD30058E14C /* Release */,
			);
			defaultConfigurationIsVisible = 0;
			defaultConfigurationName = Release;
		};
		462AAC1A15B3EDD30058E14C /* Build configuration list for PBXNativeTarget "TileParser" */ = {
			isa = XCConfigurationList;
			buildConfigurations = (
				462AAC1B15B3EDD30058E14C /* Debug */,
				462AAC1C15B3EDD30058E14C /* Release */,
			);
			defaultConfigurationIsVisible = 0;
			defaultConfigurationName = Release;
		};
/* End XCConfigurationList section */
	};
	rootObject = 462AABF015B3EDD20058E14C /* Project object */;
}
